
Microsoft Visual Studio Solution File, Format Version 12.00
# Visual Studio Version 17
VisualStudioVersion = 17.7.34031.279
MinimumVisualStudioVersion = 10.0.40219.1
Project("{FAE04EC0-301F-11D3-BF4B-00C04F79EFBC}") = "WebApiAutores", "WebApiAutores\WebApiAutores.csproj", "{714707E6-E936-4946-835D-B361BCED4DCC}"
EndProject
Global
	GlobalSection(SolutionConfigurationPlatforms) = preSolution
		Debug|Any CPU = Debug|Any CPU
		Release|Any CPU = Release|Any CPU
	EndGlobalSection
	GlobalSection(ProjectConfigurationPlatforms) = postSolution
		{714707E6-E936-4946-835D-B361BCED4DCC}.Debug|Any CPU.ActiveCfg = Debug|Any CPU
		{714707E6-E936-4946-835D-B361BCED4DCC}.Debug|Any CPU.Build.0 = Debug|Any CPU
		{714707E6-E936-4946-835D-B361BCED4DCC}.Release|Any CPU.ActiveCfg = Release|Any CPU
		{714707E6-E936-4946-835D-B361BCED4DCC}.Release|Any CPU.Build.0 = Release|Any CPU
	EndGlobalSection
	GlobalSection(SolutionProperties) = preSolution
		HideSolutionNode = FALSE
	EndGlobalSection
	GlobalSection(ExtensibilityGlobals) = postSolution
		SolutionGuid = {507BF2EA-6556-416E-85DA-F24DBBB82A92}
	EndGlobalSection
EndGlobal
